
Microsoft Visual Studio Solution File, Format Version 12.00
# Visual Studio Version 17
VisualStudioVersion = 17.12.35521.163
MinimumVisualStudioVersion = 10.0.40219.1
Project("{2150E333-8FDC-42A3-9474-1A3956D46DE8}") = "src", "src", "{B6458C0B-2460-42E1-8D1C-46E42590FDF4}"
EndProject
Project("{FAE04EC0-301F-11D3-BF4B-00C04F79EFBC}") = "EmployeeService", "src\EmployeeService\EmployeeService.csproj", "{71FC48BB-8F2C-4D4D-8552-EF38FC33D888}"
EndProject
Project("{E53339B2-1760-4266-BCC7-CA923CBCF16C}") = "docker-compose", "src\docker-compose.dcproj", "{259A2F67-7E64-41D7-A52D-80E11FF1E64E}"
EndProject
Project("{2150E333-8FDC-42A3-9474-1A3956D46DE8}") = "tests", "tests", "{39F068E7-F42A-4E06-B500-B7718B9A3481}"
EndProject
Project("{FAE04EC0-301F-11D3-BF4B-00C04F79EFBC}") = "EmployeeService.UnitTests", "tests\EmployeeService.UnitTests\EmployeeService.UnitTests.csproj", "{E7504CBC-B3E3-4A75-AE6B-A3F256F2E0FC}"
EndProject
Global
	GlobalSection(SolutionConfigurationPlatforms) = preSolution
		Debug|Any CPU = Debug|Any CPU
		Release|Any CPU = Release|Any CPU
	EndGlobalSection
	GlobalSection(ProjectConfigurationPlatforms) = postSolution
		{71FC48BB-8F2C-4D4D-8552-EF38FC33D888}.Debug|Any CPU.ActiveCfg = Debug|Any CPU
		{71FC48BB-8F2C-4D4D-8552-EF38FC33D888}.Debug|Any CPU.Build.0 = Debug|Any CPU
		{71FC48BB-8F2C-4D4D-8552-EF38FC33D888}.Release|Any CPU.ActiveCfg = Release|Any CPU
		{71FC48BB-8F2C-4D4D-8552-EF38FC33D888}.Release|Any CPU.Build.0 = Release|Any CPU
		{259A2F67-7E64-41D7-A52D-80E11FF1E64E}.Debug|Any CPU.ActiveCfg = Debug|Any CPU
		{259A2F67-7E64-41D7-A52D-80E11FF1E64E}.Debug|Any CPU.Build.0 = Debug|Any CPU
		{259A2F67-7E64-41D7-A52D-80E11FF1E64E}.Release|Any CPU.ActiveCfg = Release|Any CPU
		{259A2F67-7E64-41D7-A52D-80E11FF1E64E}.Release|Any CPU.Build.0 = Release|Any CPU
	EndGlobalSection
	GlobalSection(SolutionProperties) = preSolution
		HideSolutionNode = FALSE
	EndGlobalSection
	GlobalSection(NestedProjects) = preSolution
		{71FC48BB-8F2C-4D4D-8552-EF38FC33D888} = {B6458C0B-2460-42E1-8D1C-46E42590FDF4}
		{259A2F67-7E64-41D7-A52D-80E11FF1E64E} = {B6458C0B-2460-42E1-8D1C-46E42590FDF4}
	EndGlobalSection
EndGlobal
